// !$*UTF8*$!
{
	archiveVersion = 1;
	classes = {
	};
	objectVersion = 51;
	objects = {

/* Begin PBXBuildFile section */
		50140ED62255820E009E404C /* AppDelegate.swift in Sources */ = {isa = PBXBuildFile; fileRef = 50140ED52255820E009E404C /* AppDelegate.swift */; };
		50140ED82255820E009E404C /* ViewController.swift in Sources */ = {isa = PBXBuildFile; fileRef = 50140ED72255820E009E404C /* ViewController.swift */; };
		50140EDB2255820E009E404C /* Main.storyboard in Resources */ = {isa = PBXBuildFile; fileRef = 50140ED92255820E009E404C /* Main.storyboard */; };
		50140EDD22558248009E404C /* Assets.xcassets in Resources */ = {isa = PBXBuildFile; fileRef = 50140EDC22558248009E404C /* Assets.xcassets */; };
		50140EE022558248009E404C /* LaunchScreen.storyboard in Resources */ = {isa = PBXBuildFile; fileRef = 50140EDE22558248009E404C /* LaunchScreen.storyboard */; };
		50140EEA22558332009E404C /* GoogleService-Info.plist in Resources */ = {isa = PBXBuildFile; fileRef = 50140EE922558332009E404C /* GoogleService-Info.plist */; };
		502E210A225A982300BE82B0 /* DetalheViewController.swift in Sources */ = {isa = PBXBuildFile; fileRef = 502E2109225A982300BE82B0 /* DetalheViewController.swift */; };
		5039A638226566DF000F1AB9 /* Realm.framework in Frameworks */ = {isa = PBXBuildFile; fileRef = 5039A637226566DF000F1AB9 /* Realm.framework */; };
		5039A63A226566DF000F1AB9 /* RealmSwift.framework in Frameworks */ = {isa = PBXBuildFile; fileRef = 5039A639226566DF000F1AB9 /* RealmSwift.framework */; };
		5039A63C22656BD5000F1AB9 /* ConteudoRealm.swift in Sources */ = {isa = PBXBuildFile; fileRef = 5039A63B22656BD5000F1AB9 /* ConteudoRealm.swift */; };
		5039A64022657912000F1AB9 /* FavoritosTableViewController.swift in Sources */ = {isa = PBXBuildFile; fileRef = 5039A63F22657912000F1AB9 /* FavoritosTableViewController.swift */; };
		5039A6422266D6EE000F1AB9 /* FirebaseCore.framework in Frameworks */ = {isa = PBXBuildFile; fileRef = 5039A6412266D6EE000F1AB9 /* FirebaseCore.framework */; };
		5039A6442266D6EE000F1AB9 /* FirebaseDatabase.framework in Frameworks */ = {isa = PBXBuildFile; fileRef = 5039A6432266D6EE000F1AB9 /* FirebaseDatabase.framework */; };
		E8D60EE3B5130D56217B9FA5 /* Pods_queryIT.framework in Frameworks */ = {isa = PBXBuildFile; fileRef = CC6782CB762BFE0E7D47C482 /* Pods_queryIT.framework */; };
/* End PBXBuildFile section */

/* Begin PBXFileReference section */
		22F7A6A7BD9C6DC9C389FFD4 /* Pods-queryIT.release.xcconfig */ = {isa = PBXFileReference; includeInIndex = 1; lastKnownFileType = text.xcconfig; name = "Pods-queryIT.release.xcconfig"; path = "Pods/Target Support Files/Pods-queryIT/Pods-queryIT.release.xcconfig"; sourceTree = "<group>"; };
		50140ED22255820E009E404C /* queryIT.app */ = {isa = PBXFileReference; explicitFileType = wrapper.application; includeInIndex = 0; path = queryIT.app; sourceTree = BUILT_PRODUCTS_DIR; };
		50140ED52255820E009E404C /* AppDelegate.swift */ = {isa = PBXFileReference; lastKnownFileType = sourcecode.swift; path = AppDelegate.swift; sourceTree = "<group>"; };
		50140ED72255820E009E404C /* ViewController.swift */ = {isa = PBXFileReference; lastKnownFileType = sourcecode.swift; path = ViewController.swift; sourceTree = "<group>"; };
		50140EDA2255820E009E404C /* Base */ = {isa = PBXFileReference; lastKnownFileType = file.storyboard; name = Base; path = Base.lproj/Main.storyboard; sourceTree = "<group>"; };
		50140EDC22558248009E404C /* Assets.xcassets */ = {isa = PBXFileReference; lastKnownFileType = folder.assetcatalog; path = Assets.xcassets; sourceTree = "<group>"; };
		50140EDF22558248009E404C /* Base */ = {isa = PBXFileReference; lastKnownFileType = file.storyboard; name = Base; path = Base.lproj/LaunchScreen.storyboard; sourceTree = "<group>"; };
		50140EE122558248009E404C /* Info.plist */ = {isa = PBXFileReference; lastKnownFileType = text.plist.xml; path = Info.plist; sourceTree = "<group>"; };
		50140EE922558332009E404C /* GoogleService-Info.plist */ = {isa = PBXFileReference; fileEncoding = 4; lastKnownFileType = text.plist.xml; name = "GoogleService-Info.plist"; path = "../../../../Downloads/GoogleService-Info.plist"; sourceTree = "<group>"; };
		502E2109225A982300BE82B0 /* DetalheViewController.swift */ = {isa = PBXFileReference; lastKnownFileType = sourcecode.swift; path = DetalheViewController.swift; sourceTree = "<group>"; };
		5039A637226566DF000F1AB9 /* Realm.framework */ = {isa = PBXFileReference; explicitFileType = wrapper.framework; path = Realm.framework; sourceTree = BUILT_PRODUCTS_DIR; };
		5039A639226566DF000F1AB9 /* RealmSwift.framework */ = {isa = PBXFileReference; explicitFileType = wrapper.framework; path = RealmSwift.framework; sourceTree = BUILT_PRODUCTS_DIR; };
		5039A63B22656BD5000F1AB9 /* ConteudoRealm.swift */ = {isa = PBXFileReference; lastKnownFileType = sourcecode.swift; path = ConteudoRealm.swift; sourceTree = "<group>"; };
		5039A63F22657912000F1AB9 /* FavoritosTableViewController.swift */ = {isa = PBXFileReference; lastKnownFileType = sourcecode.swift; path = FavoritosTableViewController.swift; sourceTree = "<group>"; };
		5039A6412266D6EE000F1AB9 /* FirebaseCore.framework */ = {isa = PBXFileReference; explicitFileType = wrapper.framework; path = FirebaseCore.framework; sourceTree = BUILT_PRODUCTS_DIR; };
		5039A6432266D6EE000F1AB9 /* FirebaseDatabase.framework */ = {isa = PBXFileReference; explicitFileType = wrapper.framework; path = FirebaseDatabase.framework; sourceTree = BUILT_PRODUCTS_DIR; };
		508FE52F226EAD8100377093 /* queryIT.entitlements */ = {isa = PBXFileReference; lastKnownFileType = text.plist.entitlements; path = queryIT.entitlements; sourceTree = "<group>"; };
		7CB22C7EB7DCFF5DB7E419FD /* Pods-queryIT.debug.xcconfig */ = {isa = PBXFileReference; includeInIndex = 1; lastKnownFileType = text.xcconfig; name = "Pods-queryIT.debug.xcconfig"; path = "Pods/Target Support Files/Pods-queryIT/Pods-queryIT.debug.xcconfig"; sourceTree = "<group>"; };
		CC6782CB762BFE0E7D47C482 /* Pods_queryIT.framework */ = {isa = PBXFileReference; explicitFileType = wrapper.framework; includeInIndex = 0; path = Pods_queryIT.framework; sourceTree = BUILT_PRODUCTS_DIR; };
/* End PBXFileReference section */

/* Begin PBXFrameworksBuildPhase section */
		50140ECF2255820D009E404C /* Frameworks */ = {
			isa = PBXFrameworksBuildPhase;
			buildActionMask = 2147483647;
			files = (
				5039A6422266D6EE000F1AB9 /* FirebaseCore.framework in Frameworks */,
				5039A6442266D6EE000F1AB9 /* FirebaseDatabase.framework in Frameworks */,
				5039A638226566DF000F1AB9 /* Realm.framework in Frameworks */,
				5039A63A226566DF000F1AB9 /* RealmSwift.framework in Frameworks */,
				E8D60EE3B5130D56217B9FA5 /* Pods_queryIT.framework in Frameworks */,
			);
			runOnlyForDeploymentPostprocessing = 0;
		};
/* End PBXFrameworksBuildPhase section */

/* Begin PBXGroup section */
		48E166BDB3B5E0CA72A39FB7 /* Frameworks */ = {
			isa = PBXGroup;
			children = (
				5039A6412266D6EE000F1AB9 /* FirebaseCore.framework */,
				5039A6432266D6EE000F1AB9 /* FirebaseDatabase.framework */,
				5039A637226566DF000F1AB9 /* Realm.framework */,
				5039A639226566DF000F1AB9 /* RealmSwift.framework */,
				CC6782CB762BFE0E7D47C482 /* Pods_queryIT.framework */,
			);
			name = Frameworks;
			sourceTree = "<group>";
		};
		50140EC92255820D009E404C = {
			isa = PBXGroup;
			children = (
				50140ED42255820E009E404C /* queryIT */,
				50140ED32255820E009E404C /* Products */,
				DAA6CC4D9B21546FED40BF9A /* Pods */,
				48E166BDB3B5E0CA72A39FB7 /* Frameworks */,
			);
			sourceTree = "<group>";
		};
		50140ED32255820E009E404C /* Products */ = {
			isa = PBXGroup;
			children = (
				50140ED22255820E009E404C /* queryIT.app */,
			);
			name = Products;
			sourceTree = "<group>";
		};
		50140ED42255820E009E404C /* queryIT */ = {
			isa = PBXGroup;
			children = (
				508FE52F226EAD8100377093 /* queryIT.entitlements */,
				501D534922694A44001B3990 /* Controllers */,
				501D534822694A38001B3990 /* Views */,
				501D53472269498B001B3990 /* Models */,
				50140ED52255820E009E404C /* AppDelegate.swift */,
				50140EDC22558248009E404C /* Assets.xcassets */,
				50140EDE22558248009E404C /* LaunchScreen.storyboard */,
				50140EE122558248009E404C /* Info.plist */,
				50140EE922558332009E404C /* GoogleService-Info.plist */,
			);
			path = queryIT;
			sourceTree = "<group>";
		};
		501D53472269498B001B3990 /* Models */ = {
			isa = PBXGroup;
			children = (
				5039A63B22656BD5000F1AB9 /* ConteudoRealm.swift */,
			);
			path = Models;
			sourceTree = "<group>";
		};
		501D534822694A38001B3990 /* Views */ = {
			isa = PBXGroup;
			children = (
				50140ED92255820E009E404C /* Main.storyboard */,
			);
			path = Views;
			sourceTree = "<group>";
		};
		501D534922694A44001B3990 /* Controllers */ = {
			isa = PBXGroup;
			children = (
				50140ED72255820E009E404C /* ViewController.swift */,
				5039A63F22657912000F1AB9 /* FavoritosTableViewController.swift */,
				502E2109225A982300BE82B0 /* DetalheViewController.swift */,
			);
			path = Controllers;
			sourceTree = "<group>";
		};
		DAA6CC4D9B21546FED40BF9A /* Pods */ = {
			isa = PBXGroup;
			children = (
				7CB22C7EB7DCFF5DB7E419FD /* Pods-queryIT.debug.xcconfig */,
				22F7A6A7BD9C6DC9C389FFD4 /* Pods-queryIT.release.xcconfig */,
			);
			name = Pods;
			sourceTree = "<group>";
		};
/* End PBXGroup section */

/* Begin PBXNativeTarget section */
		50140ED12255820D009E404C /* queryIT */ = {
			isa = PBXNativeTarget;
			buildConfigurationList = 50140EE422558248009E404C /* Build configuration list for PBXNativeTarget "queryIT" */;
			buildPhases = (
				494334545BFD9058DDE5AB11 /* [CP] Check Pods Manifest.lock */,
				50140ECE2255820D009E404C /* Sources */,
				50140ECF2255820D009E404C /* Frameworks */,
				50140ED02255820D009E404C /* Resources */,
				B830B2C29DACC03034BCE6A8 /* [CP] Embed Pods Frameworks */,
			);
			buildRules = (
			);
			dependencies = (
			);
			name = queryIT;
			productName = queryIT;
			productReference = 50140ED22255820E009E404C /* queryIT.app */;
			productType = "com.apple.product-type.application";
		};
/* End PBXNativeTarget section */

/* Begin PBXProject section */
		50140ECA2255820D009E404C /* Project object */ = {
			isa = PBXProject;
			attributes = {
				LastSwiftUpdateCheck = 1010;
				LastUpgradeCheck = 1010;
				ORGANIZATIONNAME = Rinver;
				TargetAttributes = {
					50140ED12255820D009E404C = {
						CreatedOnToolsVersion = 10.1;
						SystemCapabilities = {
							com.apple.ApplicationGroups.iOS = {
								enabled = 1;
							};
						};
					};
				};
			};
			buildConfigurationList = 50140ECD2255820D009E404C /* Build configuration list for PBXProject "queryIT" */;
			compatibilityVersion = "Xcode 10.0";
			developmentRegion = en;
			hasScannedForEncodings = 0;
			knownRegions = (
				en,
				Base,
			);
			mainGroup = 50140EC92255820D009E404C;
			productRefGroup = 50140ED32255820E009E404C /* Products */;
			projectDirPath = "";
			projectRoot = "";
			targets = (
				50140ED12255820D009E404C /* queryIT */,
			);
		};
/* End PBXProject section */

/* Begin PBXResourcesBuildPhase section */
		50140ED02255820D009E404C /* Resources */ = {
			isa = PBXResourcesBuildPhase;
			buildActionMask = 2147483647;
			files = (
				50140EE022558248009E404C /* LaunchScreen.storyboard in Resources */,
				50140EEA22558332009E404C /* GoogleService-Info.plist in Resources */,
				50140EDD22558248009E404C /* Assets.xcassets in Resources */,
				50140EDB2255820E009E404C /* Main.storyboard in Resources */,
			);
			runOnlyForDeploymentPostprocessing = 0;
		};
/* End PBXResourcesBuildPhase section */

/* Begin PBXShellScriptBuildPhase section */
		494334545BFD9058DDE5AB11 /* [CP] Check Pods Manifest.lock */ = {
			isa = PBXShellScriptBuildPhase;
			buildActionMask = 2147483647;
			files = (
			);
			inputFileListPaths = (
			);
			inputPaths = (
				"${PODS_PODFILE_DIR_PATH}/Podfile.lock",
				"${PODS_ROOT}/Manifest.lock",
			);
			name = "[CP] Check Pods Manifest.lock";
			outputFileListPaths = (
			);
			outputPaths = (
				"$(DERIVED_FILE_DIR)/Pods-queryIT-checkManifestLockResult.txt",
			);
			runOnlyForDeploymentPostprocessing = 0;
			shellPath = /bin/sh;
			shellScript = "diff \"${PODS_PODFILE_DIR_PATH}/Podfile.lock\" \"${PODS_ROOT}/Manifest.lock\" > /dev/null\nif [ $? != 0 ] ; then\n    # print error to STDERR\n    echo \"error: The sandbox is not in sync with the Podfile.lock. Run 'pod install' or update your CocoaPods installation.\" >&2\n    exit 1\nfi\n# This output is used by Xcode 'outputs' to avoid re-running this script phase.\necho \"SUCCESS\" > \"${SCRIPT_OUTPUT_FILE_0}\"\n";
			showEnvVarsInLog = 0;
		};
		B830B2C29DACC03034BCE6A8 /* [CP] Embed Pods Frameworks */ = {
			isa = PBXShellScriptBuildPhase;
			buildActionMask = 2147483647;
			files = (
			);
			inputFileListPaths = (
			);
			inputPaths = (
				"${PODS_ROOT}/Target Support Files/Pods-queryIT/Pods-queryIT-frameworks.sh",
				"${BUILT_PRODUCTS_DIR}/GoogleUtilities/GoogleUtilities.framework",
				"${BUILT_PRODUCTS_DIR}/Realm/Realm.framework",
				"${BUILT_PRODUCTS_DIR}/RealmSwift/RealmSwift.framework",
				"${BUILT_PRODUCTS_DIR}/leveldb-library/leveldb.framework",
				"${BUILT_PRODUCTS_DIR}/nanopb/nanopb.framework",
			);
			name = "[CP] Embed Pods Frameworks";
			outputFileListPaths = (
			);
			outputPaths = (
				"${TARGET_BUILD_DIR}/${FRAMEWORKS_FOLDER_PATH}/GoogleUtilities.framework",
				"${TARGET_BUILD_DIR}/${FRAMEWORKS_FOLDER_PATH}/Realm.framework",
				"${TARGET_BUILD_DIR}/${FRAMEWORKS_FOLDER_PATH}/RealmSwift.framework",
				"${TARGET_BUILD_DIR}/${FRAMEWORKS_FOLDER_PATH}/leveldb.framework",
				"${TARGET_BUILD_DIR}/${FRAMEWORKS_FOLDER_PATH}/nanopb.framework",
			);
			runOnlyForDeploymentPostprocessing = 0;
			shellPath = /bin/sh;
			shellScript = "\"${PODS_ROOT}/Target Support Files/Pods-queryIT/Pods-queryIT-frameworks.sh\"\n";
			showEnvVarsInLog = 0;
		};
/* End PBXShellScriptBuildPhase section */

/* Begin PBXSourcesBuildPhase section */
		50140ECE2255820D009E404C /* Sources */ = {
			isa = PBXSourcesBuildPhase;
			buildActionMask = 2147483647;
			files = (
				5039A63C22656BD5000F1AB9 /* ConteudoRealm.swift in Sources */,
				50140ED82255820E009E404C /* ViewController.swift in Sources */,
				50140ED62255820E009E404C /* AppDelegate.swift in Sources */,
				502E210A225A982300BE82B0 /* DetalheViewController.swift in Sources */,
				5039A64022657912000F1AB9 /* FavoritosTableViewController.swift in Sources */,
			);
			runOnlyForDeploymentPostprocessing = 0;
		};
/* End PBXSourcesBuildPhase section */

/* Begin PBXVariantGroup section */
		50140ED92255820E009E404C /* Main.storyboard */ = {
			isa = PBXVariantGroup;
			children = (
				50140EDA2255820E009E404C /* Base */,
			);
			name = Main.storyboard;
			sourceTree = "<group>";
		};
		50140EDE22558248009E404C /* LaunchScreen.storyboard */ = {
			isa = PBXVariantGroup;
			children = (
				50140EDF22558248009E404C /* Base */,
			);
			name = LaunchScreen.storyboard;
			sourceTree = "<group>";
		};
/* End PBXVariantGroup section */

/* Begin XCBuildConfiguration section */
		50140EE222558248009E404C /* Debug */ = {
			isa = XCBuildConfiguration;
			buildSettings = {
				ALWAYS_SEARCH_USER_PATHS = NO;
				CLANG_ANALYZER_NONNULL = YES;
				CLANG_ANALYZER_NUMBER_OBJECT_CONVERSION = YES_AGGRESSIVE;
				CLANG_CXX_LANGUAGE_STANDARD = "gnu++14";
				CLANG_CXX_LIBRARY = "libc++";
				CLANG_ENABLE_MODULES = YES;
				CLANG_ENABLE_OBJC_ARC = YES;
				CLANG_ENABLE_OBJC_WEAK = YES;
				CLANG_WARN_BLOCK_CAPTURE_AUTORELEASING = YES;
				CLANG_WARN_BOOL_CONVERSION = YES;
				CLANG_WARN_COMMA = YES;
				CLANG_WARN_CONSTANT_CONVERSION = YES;
				CLANG_WARN_DEPRECATED_OBJC_IMPLEMENTATIONS = YES;
				CLANG_WARN_DIRECT_OBJC_ISA_USAGE = YES_ERROR;
				CLANG_WARN_DOCUMENTATION_COMMENTS = YES;
				CLANG_WARN_EMPTY_BODY = YES;
				CLANG_WARN_ENUM_CONVERSION = YES;
				CLANG_WARN_INFINITE_RECURSION = YES;
				CLANG_WARN_INT_CONVERSION = YES;
				CLANG_WARN_NON_LITERAL_NULL_CONVERSION = YES;
				CLANG_WARN_OBJC_IMPLICIT_RETAIN_SELF = YES;
				CLANG_WARN_OBJC_LITERAL_CONVERSION = YES;
				CLANG_WARN_OBJC_ROOT_CLASS = YES_ERROR;
				CLANG_WARN_RANGE_LOOP_ANALYSIS = YES;
				CLANG_WARN_STRICT_PROTOTYPES = YES;
				CLANG_WARN_SUSPICIOUS_MOVE = YES;
				CLANG_WARN_UNGUARDED_AVAILABILITY = YES_AGGRESSIVE;
				CLANG_WARN_UNREACHABLE_CODE = YES;
				CLANG_WARN__DUPLICATE_METHOD_MATCH = YES;
				CODE_SIGN_IDENTITY = "iPhone Developer";
				COPY_PHASE_STRIP = NO;
				DEBUG_INFORMATION_FORMAT = dwarf;
				ENABLE_STRICT_OBJC_MSGSEND = YES;
				ENABLE_TESTABILITY = YES;
				GCC_C_LANGUAGE_STANDARD = gnu11;
				GCC_DYNAMIC_NO_PIC = NO;
				GCC_NO_COMMON_BLOCKS = YES;
				GCC_OPTIMIZATION_LEVEL = 0;
				GCC_PREPROCESSOR_DEFINITIONS = (
					"DEBUG=1",
					"$(inherited)",
				);
				GCC_WARN_64_TO_32_BIT_CONVERSION = YES;
				GCC_WARN_ABOUT_RETURN_TYPE = YES_ERROR;
				GCC_WARN_UNDECLARED_SELECTOR = YES;
				GCC_WARN_UNINITIALIZED_AUTOS = YES_AGGRESSIVE;
				GCC_WARN_UNUSED_FUNCTION = YES;
				GCC_WARN_UNUSED_VARIABLE = YES;
				IPHONEOS_DEPLOYMENT_TARGET = 12.1;
				MTL_ENABLE_DEBUG_INFO = INCLUDE_SOURCE;
				MTL_FAST_MATH = YES;
				ONLY_ACTIVE_ARCH = YES;
				SDKROOT = iphoneos;
				SWIFT_ACTIVE_COMPILATION_CONDITIONS = DEBUG;
				SWIFT_OPTIMIZATION_LEVEL = "-Onone";
			};
			name = Debug;
		};
		50140EE322558248009E404C /* Release */ = {
			isa = XCBuildConfiguration;
			buildSettings = {
				ALWAYS_SEARCH_USER_PATHS = NO;
				CLANG_ANALYZER_NONNULL = YES;
				CLANG_ANALYZER_NUMBER_OBJECT_CONVERSION = YES_AGGRESSIVE;
				CLANG_CXX_LANGUAGE_STANDARD = "gnu++14";
				CLANG_CXX_LIBRARY = "libc++";
				CLANG_ENABLE_MODULES = YES;
				CLANG_ENABLE_OBJC_ARC = YES;
				CLANG_ENABLE_OBJC_WEAK = YES;
				CLANG_WARN_BLOCK_CAPTURE_AUTORELEASING = YES;
				CLANG_WARN_BOOL_CONVERSION = YES;
				CLANG_WARN_COMMA = YES;
				CLANG_WARN_CONSTANT_CONVERSION = YES;
				CLANG_WARN_DEPRECATED_OBJC_IMPLEMENTATIONS = YES;
				CLANG_WARN_DIRECT_OBJC_ISA_USAGE = YES_ERROR;
				CLANG_WARN_DOCUMENTATION_COMMENTS = YES;
				CLANG_WARN_EMPTY_BODY = YES;
				CLANG_WARN_ENUM_CONVERSION = YES;
				CLANG_WARN_INFINITE_RECURSION = YES;
				CLANG_WARN_INT_CONVERSION = YES;
				CLANG_WARN_NON_LITERAL_NULL_CONVERSION = YES;
				CLANG_WARN_OBJC_IMPLICIT_RETAIN_SELF = YES;
				CLANG_WARN_OBJC_LITERAL_CONVERSION = YES;
				CLANG_WARN_OBJC_ROOT_CLASS = YES_ERROR;
				CLANG_WARN_RANGE_LOOP_ANALYSIS = YES;
				CLANG_WARN_STRICT_PROTOTYPES = YES;
				CLANG_WARN_SUSPICIOUS_MOVE = YES;
				CLANG_WARN_UNGUARDED_AVAILABILITY = YES_AGGRESSIVE;
				CLANG_WARN_UNREACHABLE_CODE = YES;
				CLANG_WARN__DUPLICATE_METHOD_MATCH = YES;
				CODE_SIGN_IDENTITY = "iPhone Developer";
				COPY_PHASE_STRIP = NO;
				DEBUG_INFORMATION_FORMAT = "dwarf-with-dsym";
				ENABLE_NS_ASSERTIONS = NO;
				ENABLE_STRICT_OBJC_MSGSEND = YES;
				GCC_C_LANGUAGE_STANDARD = gnu11;
				GCC_NO_COMMON_BLOCKS = YES;
				GCC_WARN_64_TO_32_BIT_CONVERSION = YES;
				GCC_WARN_ABOUT_RETURN_TYPE = YES_ERROR;
				GCC_WARN_UNDECLARED_SELECTOR = YES;
				GCC_WARN_UNINITIALIZED_AUTOS = YES_AGGRESSIVE;
				GCC_WARN_UNUSED_FUNCTION = YES;
				GCC_WARN_UNUSED_VARIABLE = YES;
				IPHONEOS_DEPLOYMENT_TARGET = 12.1;
				MTL_ENABLE_DEBUG_INFO = NO;
				MTL_FAST_MATH = YES;
				SDKROOT = iphoneos;
				SWIFT_COMPILATION_MODE = wholemodule;
				SWIFT_OPTIMIZATION_LEVEL = "-O";
				VALIDATE_PRODUCT = YES;
			};
			name = Release;
		};
		50140EE522558248009E404C /* Debug */ = {
			isa = XCBuildConfiguration;
			baseConfigurationReference = 7CB22C7EB7DCFF5DB7E419FD /* Pods-queryIT.debug.xcconfig */;
			buildSettings = {
				ASSETCATALOG_COMPILER_APPICON_NAME = AppIcon;
				CODE_SIGN_ENTITLEMENTS = queryIT/queryIT.entitlements;
				CODE_SIGN_STYLE = Automatic;
				DEVELOPMENT_TEAM = N66VHCWZLN;
				INFOPLIST_FILE = queryIT/Info.plist;
				LD_RUNPATH_SEARCH_PATHS = (
					"$(inherited)",
					"@executable_path/Frameworks",
				);
				PRODUCT_BUNDLE_IDENTIFIER = br.com.vsantoryu.queryIT;
				PRODUCT_NAME = "$(TARGET_NAME)";
				SWIFT_VERSION = 4.2;
				TARGETED_DEVICE_FAMILY = "1,2";
			};
			name = Debug;
		};
		50140EE622558248009E404C /* Release */ = {
			isa = XCBuildConfiguration;
			baseConfigurationReference = 22F7A6A7BD9C6DC9C389FFD4 /* Pods-queryIT.release.xcconfig */;
			buildSettings = {
				ASSETCATALOG_COMPILER_APPICON_NAME = AppIcon;
				CODE_SIGN_ENTITLEMENTS = queryIT/queryIT.entitlements;
				CODE_SIGN_STYLE = Automatic;
				DEVELOPMENT_TEAM = N66VHCWZLN;
				INFOPLIST_FILE = queryIT/Info.plist;
				LD_RUNPATH_SEARCH_PATHS = (
					"$(inherited)",
					"@executable_path/Frameworks",
				);
				PRODUCT_BUNDLE_IDENTIFIER = br.com.vsantoryu.queryIT;
				PRODUCT_NAME = "$(TARGET_NAME)";
				SWIFT_VERSION = 4.2;
				TARGETED_DEVICE_FAMILY = "1,2";
			};
			name = Release;
		};
/* End XCBuildConfiguration section */

/* Begin XCConfigurationList section */
		50140ECD2255820D009E404C /* Build configuration list for PBXProject "queryIT" */ = {
			isa = XCConfigurationList;
			buildConfigurations = (
				50140EE222558248009E404C /* Debug */,
				50140EE322558248009E404C /* Release */,
			);
			defaultConfigurationIsVisible = 0;
			defaultConfigurationName = Release;
		};
		50140EE422558248009E404C /* Build configuration list for PBXNativeTarget "queryIT" */ = {
			isa = XCConfigurationList;
			buildConfigurations = (
				50140EE522558248009E404C /* Debug */,
				50140EE622558248009E404C /* Release */,
			);
			defaultConfigurationIsVisible = 0;
			defaultConfigurationName = Release;
		};
/* End XCConfigurationList section */
	};
	rootObject = 50140ECA2255820D009E404C /* Project object */;
}
